
Microsoft Visual Studio Solution File, Format Version 12.00
# Visual Studio Version 16
VisualStudioVersion = 16.0.31515.178
MinimumVisualStudioVersion = 10.0.40219.1
Project("{FAE04EC0-301F-11D3-BF4B-00C04F79EFBC}") = "ConsoleApp1", "ConsoleApp1\ConsoleApp1.csproj", "{CF380FE0-7198-4934-92C8-FB1655AD9A61}"
EndProject
Global
	GlobalSection(SolutionConfigurationPlatforms) = preSolution
		Debug|Any CPU = Debug|Any CPU
		Release|Any CPU = Release|Any CPU
	EndGlobalSection
	GlobalSection(ProjectConfigurationPlatforms) = postSolution
		{CF380FE0-7198-4934-92C8-FB1655AD9A61}.Debug|Any CPU.ActiveCfg = Debug|Any CPU
		{CF380FE0-7198-4934-92C8-FB1655AD9A61}.Debug|Any CPU.Build.0 = Debug|Any CPU
		{CF380FE0-7198-4934-92C8-FB1655AD9A61}.Release|Any CPU.ActiveCfg = Release|Any CPU
		{CF380FE0-7198-4934-92C8-FB1655AD9A61}.Release|Any CPU.Build.0 = Release|Any CPU
	EndGlobalSection
	GlobalSection(SolutionProperties) = preSolution
		HideSolutionNode = FALSE
	EndGlobalSection
	GlobalSection(ExtensibilityGlobals) = postSolution
		SolutionGuid = {3C8E9A12-E00C-443E-9E86-1B21148BB40E}
	EndGlobalSection
EndGlobal
